
Microsoft Visual Studio Solution File, Format Version 12.00
# Visual Studio 15
VisualStudioVersion = 15.0.27004.2009
MinimumVisualStudioVersion = 10.0.40219.1
Project("{FAE04EC0-301F-11D3-BF4B-00C04F79EFBC}") = "Battleship", "Battleship\Battleship.csproj", "{28860C16-D8F9-4848-BC52-BFBD6BB1EAF7}"
EndProject
Global
	GlobalSection(SolutionConfigurationPlatforms) = preSolution
		Debug|Any CPU = Debug|Any CPU
		Release|Any CPU = Release|Any CPU
	EndGlobalSection
	GlobalSection(ProjectConfigurationPlatforms) = postSolution
		{28860C16-D8F9-4848-BC52-BFBD6BB1EAF7}.Debug|Any CPU.ActiveCfg = Debug|Any CPU
		{28860C16-D8F9-4848-BC52-BFBD6BB1EAF7}.Debug|Any CPU.Build.0 = Debug|Any CPU
		{28860C16-D8F9-4848-BC52-BFBD6BB1EAF7}.Release|Any CPU.ActiveCfg = Release|Any CPU
		{28860C16-D8F9-4848-BC52-BFBD6BB1EAF7}.Release|Any CPU.Build.0 = Release|Any CPU
	EndGlobalSection
	GlobalSection(SolutionProperties) = preSolution
		HideSolutionNode = FALSE
	EndGlobalSection
	GlobalSection(ExtensibilityGlobals) = postSolution
		SolutionGuid = {DA4ABDA4-40E3-459D-B8B4-9844DC25FF76}
	EndGlobalSection
EndGlobal
